// !$*UTF8*$!
{
	archiveVersion = 1;
	classes = {
	};
	objectVersion = 50;
	objects = {

/* Begin PBXBuildFile section */
		1191FAD5214CA14300353797 /* AppDelegate.swift in Sources */ = {isa = PBXBuildFile; fileRef = 1191FAD4214CA14300353797 /* AppDelegate.swift */; };
		1191FAD7214CA14300353797 /* ViewController.swift in Sources */ = {isa = PBXBuildFile; fileRef = 1191FAD6214CA14300353797 /* ViewController.swift */; };
		1191FADA214CA14300353797 /* Main.storyboard in Resources */ = {isa = PBXBuildFile; fileRef = 1191FAD8214CA14300353797 /* Main.storyboard */; };
		1191FADC214CA14500353797 /* Assets.xcassets in Resources */ = {isa = PBXBuildFile; fileRef = 1191FADB214CA14500353797 /* Assets.xcassets */; };
		1191FADF214CA14500353797 /* LaunchScreen.storyboard in Resources */ = {isa = PBXBuildFile; fileRef = 1191FADD214CA14500353797 /* LaunchScreen.storyboard */; };
		1191FAEA214CA14500353797 /* CountTests.swift in Sources */ = {isa = PBXBuildFile; fileRef = 1191FAE9214CA14500353797 /* CountTests.swift */; };
		1191FAF5214CA14600353797 /* CountUITests.swift in Sources */ = {isa = PBXBuildFile; fileRef = 1191FAF4214CA14600353797 /* CountUITests.swift */; };
/* End PBXBuildFile section */

/* Begin PBXContainerItemProxy section */
		1191FAE6214CA14500353797 /* PBXContainerItemProxy */ = {
			isa = PBXContainerItemProxy;
			containerPortal = 1191FAC9214CA14300353797 /* Project object */;
			proxyType = 1;
			remoteGlobalIDString = 1191FAD0214CA14300353797;
			remoteInfo = Count;
		};
		1191FAF1214CA14600353797 /* PBXContainerItemProxy */ = {
			isa = PBXContainerItemProxy;
			containerPortal = 1191FAC9214CA14300353797 /* Project object */;
			proxyType = 1;
			remoteGlobalIDString = 1191FAD0214CA14300353797;
			remoteInfo = Count;
		};
/* End PBXContainerItemProxy section */

/* Begin PBXFileReference section */
		1191FAD1214CA14300353797 /* Count.app */ = {isa = PBXFileReference; explicitFileType = wrapper.application; includeInIndex = 0; path = Count.app; sourceTree = BUILT_PRODUCTS_DIR; };
		1191FAD4214CA14300353797 /* AppDelegate.swift */ = {isa = PBXFileReference; lastKnownFileType = sourcecode.swift; path = AppDelegate.swift; sourceTree = "<group>"; };
		1191FAD6214CA14300353797 /* ViewController.swift */ = {isa = PBXFileReference; lastKnownFileType = sourcecode.swift; path = ViewController.swift; sourceTree = "<group>"; };
		1191FAD9214CA14300353797 /* Base */ = {isa = PBXFileReference; lastKnownFileType = file.storyboard; name = Base; path = Base.lproj/Main.storyboard; sourceTree = "<group>"; };
		1191FADB214CA14500353797 /* Assets.xcassets */ = {isa = PBXFileReference; lastKnownFileType = folder.assetcatalog; path = Assets.xcassets; sourceTree = "<group>"; };
		1191FADE214CA14500353797 /* Base */ = {isa = PBXFileReference; lastKnownFileType = file.storyboard; name = Base; path = Base.lproj/LaunchScreen.storyboard; sourceTree = "<group>"; };
		1191FAE0214CA14500353797 /* Info.plist */ = {isa = PBXFileReference; lastKnownFileType = text.plist.xml; path = Info.plist; sourceTree = "<group>"; };
		1191FAE5214CA14500353797 /* CountTests.xctest */ = {isa = PBXFileReference; explicitFileType = wrapper.cfbundle; includeInIndex = 0; path = CountTests.xctest; sourceTree = BUILT_PRODUCTS_DIR; };
		1191FAE9214CA14500353797 /* CountTests.swift */ = {isa = PBXFileReference; lastKnownFileType = sourcecode.swift; path = CountTests.swift; sourceTree = "<group>"; };
		1191FAEB214CA14500353797 /* Info.plist */ = {isa = PBXFileReference; lastKnownFileType = text.plist.xml; path = Info.plist; sourceTree = "<group>"; };
		1191FAF0214CA14600353797 /* CountUITests.xctest */ = {isa = PBXFileReference; explicitFileType = wrapper.cfbundle; includeInIndex = 0; path = CountUITests.xctest; sourceTree = BUILT_PRODUCTS_DIR; };
		1191FAF4214CA14600353797 /* CountUITests.swift */ = {isa = PBXFileReference; lastKnownFileType = sourcecode.swift; path = CountUITests.swift; sourceTree = "<group>"; };
		1191FAF6214CA14600353797 /* Info.plist */ = {isa = PBXFileReference; lastKnownFileType = text.plist.xml; path = Info.plist; sourceTree = "<group>"; };
/* End PBXFileReference section */

/* Begin PBXFrameworksBuildPhase section */
		1191FACE214CA14300353797 /* Frameworks */ = {
			isa = PBXFrameworksBuildPhase;
			buildActionMask = 2147483647;
			files = (
			);
			runOnlyForDeploymentPostprocessing = 0;
		};
		1191FAE2214CA14500353797 /* Frameworks */ = {
			isa = PBXFrameworksBuildPhase;
			buildActionMask = 2147483647;
			files = (
			);
			runOnlyForDeploymentPostprocessing = 0;
		};
		1191FAED214CA14500353797 /* Frameworks */ = {
			isa = PBXFrameworksBuildPhase;
			buildActionMask = 2147483647;
			files = (
			);
			runOnlyForDeploymentPostprocessing = 0;
		};
/* End PBXFrameworksBuildPhase section */

/* Begin PBXGroup section */
		1191FAC8214CA14300353797 = {
			isa = PBXGroup;
			children = (
				1191FAD3214CA14300353797 /* Count */,
				1191FAE8214CA14500353797 /* CountTests */,
				1191FAF3214CA14600353797 /* CountUITests */,
				1191FAD2214CA14300353797 /* Products */,
			);
			sourceTree = "<group>";
		};
		1191FAD2214CA14300353797 /* Products */ = {
			isa = PBXGroup;
			children = (
				1191FAD1214CA14300353797 /* Count.app */,
				1191FAE5214CA14500353797 /* CountTests.xctest */,
				1191FAF0214CA14600353797 /* CountUITests.xctest */,
			);
			name = Products;
			sourceTree = "<group>";
		};
		1191FAD3214CA14300353797 /* Count */ = {
			isa = PBXGroup;
			children = (
				1191FAD4214CA14300353797 /* AppDelegate.swift */,
				1191FAD6214CA14300353797 /* ViewController.swift */,
				1191FAD8214CA14300353797 /* Main.storyboard */,
				1191FADB214CA14500353797 /* Assets.xcassets */,
				1191FADD214CA14500353797 /* LaunchScreen.storyboard */,
				1191FAE0214CA14500353797 /* Info.plist */,
			);
			path = Count;
			sourceTree = "<group>";
		};
		1191FAE8214CA14500353797 /* CountTests */ = {
			isa = PBXGroup;
			children = (
				1191FAE9214CA14500353797 /* CountTests.swift */,
				1191FAEB214CA14500353797 /* Info.plist */,
			);
			path = CountTests;
			sourceTree = "<group>";
		};
		1191FAF3214CA14600353797 /* CountUITests */ = {
			isa = PBXGroup;
			children = (
				1191FAF4214CA14600353797 /* CountUITests.swift */,
				1191FAF6214CA14600353797 /* Info.plist */,
			);
			path = CountUITests;
			sourceTree = "<group>";
		};
/* End PBXGroup section */

/* Begin PBXNativeTarget section */
		1191FAD0214CA14300353797 /* Count */ = {
			isa = PBXNativeTarget;
			buildConfigurationList = 1191FAF9214CA14600353797 /* Build configuration list for PBXNativeTarget "Count" */;
			buildPhases = (
				1191FACD214CA14300353797 /* Sources */,
				1191FACE214CA14300353797 /* Frameworks */,
				1191FACF214CA14300353797 /* Resources */,
			);
			buildRules = (
			);
			dependencies = (
			);
			name = Count;
			productName = Count;
			productReference = 1191FAD1214CA14300353797 /* Count.app */;
			productType = "com.apple.product-type.application";
		};
		1191FAE4214CA14500353797 /* CountTests */ = {
			isa = PBXNativeTarget;
			buildConfigurationList = 1191FAFC214CA14600353797 /* Build configuration list for PBXNativeTarget "CountTests" */;
			buildPhases = (
				1191FAE1214CA14500353797 /* Sources */,
				1191FAE2214CA14500353797 /* Frameworks */,
				1191FAE3214CA14500353797 /* Resources */,
			);
			buildRules = (
			);
			dependencies = (
				1191FAE7214CA14500353797 /* PBXTargetDependency */,
			);
			name = CountTests;
			productName = CountTests;
			productReference = 1191FAE5214CA14500353797 /* CountTests.xctest */;
			productType = "com.apple.product-type.bundle.unit-test";
		};
		1191FAEF214CA14500353797 /* CountUITests */ = {
			isa = PBXNativeTarget;
			buildConfigurationList = 1191FAFF214CA14600353797 /* Build configuration list for PBXNativeTarget "CountUITests" */;
			buildPhases = (
				1191FAEC214CA14500353797 /* Sources */,
				1191FAED214CA14500353797 /* Frameworks */,
				1191FAEE214CA14500353797 /* Resources */,
			);
			buildRules = (
			);
			dependencies = (
				1191FAF2214CA14600353797 /* PBXTargetDependency */,
			);
			name = CountUITests;
			productName = CountUITests;
			productReference = 1191FAF0214CA14600353797 /* CountUITests.xctest */;
			productType = "com.apple.product-type.bundle.ui-testing";
		};
/* End PBXNativeTarget section */

/* Begin PBXProject section */
		1191FAC9214CA14300353797 /* Project object */ = {
			isa = PBXProject;
			attributes = {
				LastSwiftUpdateCheck = 0940;
				LastUpgradeCheck = 0940;
				ORGANIZATIONNAME = "末吉亮太";
				TargetAttributes = {
					1191FAD0214CA14300353797 = {
						CreatedOnToolsVersion = 9.4.1;
					};
					1191FAE4214CA14500353797 = {
						CreatedOnToolsVersion = 9.4.1;
						TestTargetID = 1191FAD0214CA14300353797;
					};
					1191FAEF214CA14500353797 = {
						CreatedOnToolsVersion = 9.4.1;
						TestTargetID = 1191FAD0214CA14300353797;
					};
				};
			};
			buildConfigurationList = 1191FACC214CA14300353797 /* Build configuration list for PBXProject "Count" */;
			compatibilityVersion = "Xcode 9.3";
			developmentRegion = en;
			hasScannedForEncodings = 0;
			knownRegions = (
				en,
				Base,
			);
			mainGroup = 1191FAC8214CA14300353797;
			productRefGroup = 1191FAD2214CA14300353797 /* Products */;
			projectDirPath = "";
			projectRoot = "";
			targets = (
				1191FAD0214CA14300353797 /* Count */,
				1191FAE4214CA14500353797 /* CountTests */,
				1191FAEF214CA14500353797 /* CountUITests */,
			);
		};
/* End PBXProject section */

/* Begin PBXResourcesBuildPhase section */
		1191FACF214CA14300353797 /* Resources */ = {
			isa = PBXResourcesBuildPhase;
			buildActionMask = 2147483647;
			files = (
				1191FADF214CA14500353797 /* LaunchScreen.storyboard in Resources */,
				1191FADC214CA14500353797 /* Assets.xcassets in Resources */,
				1191FADA214CA14300353797 /* Main.storyboard in Resources */,
			);
			runOnlyForDeploymentPostprocessing = 0;
		};
		1191FAE3214CA14500353797 /* Resources */ = {
			isa = PBXResourcesBuildPhase;
			buildActionMask = 2147483647;
			files = (
			);
			runOnlyForDeploymentPostprocessing = 0;
		};
		1191FAEE214CA14500353797 /* Resources */ = {
			isa = PBXResourcesBuildPhase;
			buildActionMask = 2147483647;
			files = (
			);
			runOnlyForDeploymentPostprocessing = 0;
		};
/* End PBXResourcesBuildPhase section */

/* Begin PBXSourcesBuildPhase section */
		1191FACD214CA14300353797 /* Sources */ = {
			isa = PBXSourcesBuildPhase;
			buildActionMask = 2147483647;
			files = (
				1191FAD7214CA14300353797 /* ViewController.swift in Sources */,
				1191FAD5214CA14300353797 /* AppDelegate.swift in Sources */,
			);
			runOnlyForDeploymentPostprocessing = 0;
		};
		1191FAE1214CA14500353797 /* Sources */ = {
			isa = PBXSourcesBuildPhase;
			buildActionMask = 2147483647;
			files = (
				1191FAEA214CA14500353797 /* CountTests.swift in Sources */,
			);
			runOnlyForDeploymentPostprocessing = 0;
		};
		1191FAEC214CA14500353797 /* Sources */ = {
			isa = PBXSourcesBuildPhase;
			buildActionMask = 2147483647;
			files = (
				1191FAF5214CA14600353797 /* CountUITests.swift in Sources */,
			);
			runOnlyForDeploymentPostprocessing = 0;
		};
/* End PBXSourcesBuildPhase section */

/* Begin PBXTargetDependency section */
		1191FAE7214CA14500353797 /* PBXTargetDependency */ = {
			isa = PBXTargetDependency;
			target = 1191FAD0214CA14300353797 /* Count */;
			targetProxy = 1191FAE6214CA14500353797 /* PBXContainerItemProxy */;
		};
		1191FAF2214CA14600353797 /* PBXTargetDependency */ = {
			isa = PBXTargetDependency;
			target = 1191FAD0214CA14300353797 /* Count */;
			targetProxy = 1191FAF1214CA14600353797 /* PBXContainerItemProxy */;
		};
/* End PBXTargetDependency section */

/* Begin PBXVariantGroup section */
		1191FAD8214CA14300353797 /* Main.storyboard */ = {
			isa = PBXVariantGroup;
			children = (
				1191FAD9214CA14300353797 /* Base */,
			);
			name = Main.storyboard;
			sourceTree = "<group>";
		};
		1191FADD214CA14500353797 /* LaunchScreen.storyboard */ = {
			isa = PBXVariantGroup;
			children = (
				1191FADE214CA14500353797 /* Base */,
			);
			name = LaunchScreen.storyboard;
			sourceTree = "<group>";
		};
/* End PBXVariantGroup section */

/* Begin XCBuildConfiguration section */
		1191FAF7214CA14600353797 /* Debug */ = {
			isa = XCBuildConfiguration;
			buildSettings = {
				ALWAYS_SEARCH_USER_PATHS = NO;
				CLANG_ANALYZER_NONNULL = YES;
				CLANG_ANALYZER_NUMBER_OBJECT_CONVERSION = YES_AGGRESSIVE;
				CLANG_CXX_LANGUAGE_STANDARD = "gnu++14";
				CLANG_CXX_LIBRARY = "libc++";
				CLANG_ENABLE_MODULES = YES;
				CLANG_ENABLE_OBJC_ARC = YES;
				CLANG_ENABLE_OBJC_WEAK = YES;
				CLANG_WARN_BLOCK_CAPTURE_AUTORELEASING = YES;
				CLANG_WARN_BOOL_CONVERSION = YES;
				CLANG_WARN_COMMA = YES;
				CLANG_WARN_CONSTANT_CONVERSION = YES;
				CLANG_WARN_DEPRECATED_OBJC_IMPLEMENTATIONS = YES;
				CLANG_WARN_DIRECT_OBJC_ISA_USAGE = YES_ERROR;
				CLANG_WARN_DOCUMENTATION_COMMENTS = YES;
				CLANG_WARN_EMPTY_BODY = YES;
				CLANG_WARN_ENUM_CONVERSION = YES;
				CLANG_WARN_INFINITE_RECURSION = YES;
				CLANG_WARN_INT_CONVERSION = YES;
				CLANG_WARN_NON_LITERAL_NULL_CONVERSION = YES;
				CLANG_WARN_OBJC_IMPLICIT_RETAIN_SELF = YES;
				CLANG_WARN_OBJC_LITERAL_CONVERSION = YES;
				CLANG_WARN_OBJC_ROOT_CLASS = YES_ERROR;
				CLANG_WARN_RANGE_LOOP_ANALYSIS = YES;
				CLANG_WARN_STRICT_PROTOTYPES = YES;
				CLANG_WARN_SUSPICIOUS_MOVE = YES;
				CLANG_WARN_UNGUARDED_AVAILABILITY = YES_AGGRESSIVE;
				CLANG_WARN_UNREACHABLE_CODE = YES;
				CLANG_WARN__DUPLICATE_METHOD_MATCH = YES;
				CODE_SIGN_IDENTITY = "iPhone Developer";
				COPY_PHASE_STRIP = NO;
				DEBUG_INFORMATION_FORMAT = dwarf;
				ENABLE_STRICT_OBJC_MSGSEND = YES;
				ENABLE_TESTABILITY = YES;
				GCC_C_LANGUAGE_STANDARD = gnu11;
				GCC_DYNAMIC_NO_PIC = NO;
				GCC_NO_COMMON_BLOCKS = YES;
				GCC_OPTIMIZATION_LEVEL = 0;
				GCC_PREPROCESSOR_DEFINITIONS = (
					"DEBUG=1",
					"$(inherited)",
				);
				GCC_WARN_64_TO_32_BIT_CONVERSION = YES;
				GCC_WARN_ABOUT_RETURN_TYPE = YES_ERROR;
				GCC_WARN_UNDECLARED_SELECTOR = YES;
				GCC_WARN_UNINITIALIZED_AUTOS = YES_AGGRESSIVE;
				GCC_WARN_UNUSED_FUNCTION = YES;
				GCC_WARN_UNUSED_VARIABLE = YES;
				IPHONEOS_DEPLOYMENT_TARGET = 11.4;
				MTL_ENABLE_DEBUG_INFO = YES;
				ONLY_ACTIVE_ARCH = YES;
				SDKROOT = iphoneos;
				SWIFT_ACTIVE_COMPILATION_CONDITIONS = DEBUG;
				SWIFT_OPTIMIZATION_LEVEL = "-Onone";
			};
			name = Debug;
		};
		1191FAF8214CA14600353797 /* Release */ = {
			isa = XCBuildConfiguration;
			buildSettings = {
				ALWAYS_SEARCH_USER_PATHS = NO;
				CLANG_ANALYZER_NONNULL = YES;
				CLANG_ANALYZER_NUMBER_OBJECT_CONVERSION = YES_AGGRESSIVE;
				CLANG_CXX_LANGUAGE_STANDARD = "gnu++14";
				CLANG_CXX_LIBRARY = "libc++";
				CLANG_ENABLE_MODULES = YES;
				CLANG_ENABLE_OBJC_ARC = YES;
				CLANG_ENABLE_OBJC_WEAK = YES;
				CLANG_WARN_BLOCK_CAPTURE_AUTORELEASING = YES;
				CLANG_WARN_BOOL_CONVERSION = YES;
				CLANG_WARN_COMMA = YES;
				CLANG_WARN_CONSTANT_CONVERSION = YES;
				CLANG_WARN_DEPRECATED_OBJC_IMPLEMENTATIONS = YES;
				CLANG_WARN_DIRECT_OBJC_ISA_USAGE = YES_ERROR;
				CLANG_WARN_DOCUMENTATION_COMMENTS = YES;
				CLANG_WARN_EMPTY_BODY = YES;
				CLANG_WARN_ENUM_CONVERSION = YES;
				CLANG_WARN_INFINITE_RECURSION = YES;
				CLANG_WARN_INT_CONVERSION = YES;
				CLANG_WARN_NON_LITERAL_NULL_CONVERSION = YES;
				CLANG_WARN_OBJC_IMPLICIT_RETAIN_SELF = YES;
				CLANG_WARN_OBJC_LITERAL_CONVERSION = YES;
				CLANG_WARN_OBJC_ROOT_CLASS = YES_ERROR;
				CLANG_WARN_RANGE_LOOP_ANALYSIS = YES;
				CLANG_WARN_STRICT_PROTOTYPES = YES;
				CLANG_WARN_SUSPICIOUS_MOVE = YES;
				CLANG_WARN_UNGUARDED_AVAILABILITY = YES_AGGRESSIVE;
				CLANG_WARN_UNREACHABLE_CODE = YES;
				CLANG_WARN__DUPLICATE_METHOD_MATCH = YES;
				CODE_SIGN_IDENTITY = "iPhone Developer";
				COPY_PHASE_STRIP = NO;
				DEBUG_INFORMATION_FORMAT = "dwarf-with-dsym";
				ENABLE_NS_ASSERTIONS = NO;
				ENABLE_STRICT_OBJC_MSGSEND = YES;
				GCC_C_LANGUAGE_STANDARD = gnu11;
				GCC_NO_COMMON_BLOCKS = YES;
				GCC_WARN_64_TO_32_BIT_CONVERSION = YES;
				GCC_WARN_ABOUT_RETURN_TYPE = YES_ERROR;
				GCC_WARN_UNDECLARED_SELECTOR = YES;
				GCC_WARN_UNINITIALIZED_AUTOS = YES_AGGRESSIVE;
				GCC_WARN_UNUSED_FUNCTION = YES;
				GCC_WARN_UNUSED_VARIABLE = YES;
				IPHONEOS_DEPLOYMENT_TARGET = 11.4;
				MTL_ENABLE_DEBUG_INFO = NO;
				SDKROOT = iphoneos;
				SWIFT_COMPILATION_MODE = wholemodule;
				SWIFT_OPTIMIZATION_LEVEL = "-O";
				VALIDATE_PRODUCT = YES;
			};
			name = Release;
		};
		1191FAFA214CA14600353797 /* Debug */ = {
			isa = XCBuildConfiguration;
			buildSettings = {
				ASSETCATALOG_COMPILER_APPICON_NAME = AppIcon;
				CODE_SIGN_STYLE = Automatic;
				INFOPLIST_FILE = Count/Info.plist;
				LD_RUNPATH_SEARCH_PATHS = (
					"$(inherited)",
					"@executable_path/Frameworks",
				);
				PRODUCT_BUNDLE_IDENTIFIER = com.litech.Count;
				PRODUCT_NAME = "$(TARGET_NAME)";
				SWIFT_VERSION = 4.0;
				TARGETED_DEVICE_FAMILY = "1,2";
			};
			name = Debug;
		};
		1191FAFB214CA14600353797 /* Release */ = {
			isa = XCBuildConfiguration;
			buildSettings = {
				ASSETCATALOG_COMPILER_APPICON_NAME = AppIcon;
				CODE_SIGN_STYLE = Automatic;
				INFOPLIST_FILE = Count/Info.plist;
				LD_RUNPATH_SEARCH_PATHS = (
					"$(inherited)",
					"@executable_path/Frameworks",
				);
				PRODUCT_BUNDLE_IDENTIFIER = com.litech.Count;
				PRODUCT_NAME = "$(TARGET_NAME)";
				SWIFT_VERSION = 4.0;
				TARGETED_DEVICE_FAMILY = "1,2";
			};
			name = Release;
		};
		1191FAFD214CA14600353797 /* Debug */ = {
			isa = XCBuildConfiguration;
			buildSettings = {
				ALWAYS_EMBED_SWIFT_STANDARD_LIBRARIES = YES;
				BUNDLE_LOADER = "$(TEST_HOST)";
				CODE_SIGN_STYLE = Automatic;
				INFOPLIST_FILE = CountTests/Info.plist;
				LD_RUNPATH_SEARCH_PATHS = (
					"$(inherited)",
					"@executable_path/Frameworks",
					"@loader_path/Frameworks",
				);
				PRODUCT_BUNDLE_IDENTIFIER = com.litech.CountTests;
				PRODUCT_NAME = "$(TARGET_NAME)";
				SWIFT_VERSION = 4.0;
				TARGETED_DEVICE_FAMILY = "1,2";
				TEST_HOST = "$(BUILT_PRODUCTS_DIR)/Count.app/Count";
			};
			name = Debug;
		};
		1191FAFE214CA14600353797 /* Release */ = {
			isa = XCBuildConfiguration;
			buildSettings = {
				ALWAYS_EMBED_SWIFT_STANDARD_LIBRARIES = YES;
				BUNDLE_LOADER = "$(TEST_HOST)";
				CODE_SIGN_STYLE = Automatic;
				INFOPLIST_FILE = CountTests/Info.plist;
				LD_RUNPATH_SEARCH_PATHS = (
					"$(inherited)",
					"@executable_path/Frameworks",
					"@loader_path/Frameworks",
				);
				PRODUCT_BUNDLE_IDENTIFIER = com.litech.CountTests;
				PRODUCT_NAME = "$(TARGET_NAME)";
				SWIFT_VERSION = 4.0;
				TARGETED_DEVICE_FAMILY = "1,2";
				TEST_HOST = "$(BUILT_PRODUCTS_DIR)/Count.app/Count";
			};
			name = Release;
		};
		1191FB00214CA14600353797 /* Debug */ = {
			isa = XCBuildConfiguration;
			buildSettings = {
				ALWAYS_EMBED_SWIFT_STANDARD_LIBRARIES = YES;
				CODE_SIGN_STYLE = Automatic;
				INFOPLIST_FILE = CountUITests/Info.plist;
				LD_RUNPATH_SEARCH_PATHS = (
					"$(inherited)",
					"@executable_path/Frameworks",
					"@loader_path/Frameworks",
				);
				PRODUCT_BUNDLE_IDENTIFIER = com.litech.CountUITests;
				PRODUCT_NAME = "$(TARGET_NAME)";
				SWIFT_VERSION = 4.0;
				TARGETED_DEVICE_FAMILY = "1,2";
				TEST_TARGET_NAME = Count;
			};
			name = Debug;
		};
		1191FB01214CA14600353797 /* Release */ = {
			isa = XCBuildConfiguration;
			buildSettings = {
				ALWAYS_EMBED_SWIFT_STANDARD_LIBRARIES = YES;
				CODE_SIGN_STYLE = Automatic;
				INFOPLIST_FILE = CountUITests/Info.plist;
				LD_RUNPATH_SEARCH_PATHS = (
					"$(inherited)",
					"@executable_path/Frameworks",
					"@loader_path/Frameworks",
				);
				PRODUCT_BUNDLE_IDENTIFIER = com.litech.CountUITests;
				PRODUCT_NAME = "$(TARGET_NAME)";
				SWIFT_VERSION = 4.0;
				TARGETED_DEVICE_FAMILY = "1,2";
				TEST_TARGET_NAME = Count;
			};
			name = Release;
		};
/* End XCBuildConfiguration section */

/* Begin XCConfigurationList section */
		1191FACC214CA14300353797 /* Build configuration list for PBXProject "Count" */ = {
			isa = XCConfigurationList;
			buildConfigurations = (
				1191FAF7214CA14600353797 /* Debug */,
				1191FAF8214CA14600353797 /* Release */,
			);
			defaultConfigurationIsVisible = 0;
			defaultConfigurationName = Release;
		};
		1191FAF9214CA14600353797 /* Build configuration list for PBXNativeTarget "Count" */ = {
			isa = XCConfigurationList;
			buildConfigurations = (
				1191FAFA214CA14600353797 /* Debug */,
				1191FAFB214CA14600353797 /* Release */,
			);
			defaultConfigurationIsVisible = 0;
			defaultConfigurationName = Release;
		};
		1191FAFC214CA14600353797 /* Build configuration list for PBXNativeTarget "CountTests" */ = {
			isa = XCConfigurationList;
			buildConfigurations = (
				1191FAFD214CA14600353797 /* Debug */,
				1191FAFE214CA14600353797 /* Release */,
			);
			defaultConfigurationIsVisible = 0;
			defaultConfigurationName = Release;
		};
		1191FAFF214CA14600353797 /* Build configuration list for PBXNativeTarget "CountUITests" */ = {
			isa = XCConfigurationList;
			buildConfigurations = (
				1191FB00214CA14600353797 /* Debug */,
				1191FB01214CA14600353797 /* Release */,
			);
			defaultConfigurationIsVisible = 0;
			defaultConfigurationName = Release;
		};
/* End XCConfigurationList section */
	};
	rootObject = 1191FAC9214CA14300353797 /* Project object */;
}
